
Microsoft Visual Studio Solution File, Format Version 12.00
# Visual Studio 15
VisualStudioVersion = 15.0.28307.1321
MinimumVisualStudioVersion = 10.0.40219.1
Project("{8BC9CEB8-8B4A-11D0-8D11-00A0C91BC942}") = "Class_object", "Class_object\Class_object.vcxproj", "{37BF2161-B582-4E5C-BDC9-C042ED600E50}"
EndProject
Global
	GlobalSection(SolutionConfigurationPlatforms) = preSolution
		Debug|x64 = Debug|x64
		Debug|x86 = Debug|x86
		Release|x64 = Release|x64
		Release|x86 = Release|x86
	EndGlobalSection
	GlobalSection(ProjectConfigurationPlatforms) = postSolution
		{37BF2161-B582-4E5C-BDC9-C042ED600E50}.Debug|x64.ActiveCfg = Debug|x64
		{37BF2161-B582-4E5C-BDC9-C042ED600E50}.Debug|x64.Build.0 = Debug|x64
		{37BF2161-B582-4E5C-BDC9-C042ED600E50}.Debug|x86.ActiveCfg = Debug|Win32
		{37BF2161-B582-4E5C-BDC9-C042ED600E50}.Debug|x86.Build.0 = Debug|Win32
		{37BF2161-B582-4E5C-BDC9-C042ED600E50}.Release|x64.ActiveCfg = Release|x64
		{37BF2161-B582-4E5C-BDC9-C042ED600E50}.Release|x64.Build.0 = Release|x64
		{37BF2161-B582-4E5C-BDC9-C042ED600E50}.Release|x86.ActiveCfg = Release|Win32
		{37BF2161-B582-4E5C-BDC9-C042ED600E50}.Release|x86.Build.0 = Release|Win32
	EndGlobalSection
	GlobalSection(SolutionProperties) = preSolution
		HideSolutionNode = FALSE
	EndGlobalSection
	GlobalSection(ExtensibilityGlobals) = postSolution
		SolutionGuid = {5810F948-D7EF-4961-9CC4-BD1AFDCE09F6}
	EndGlobalSection
EndGlobal
